{
  "dependencies": {
    "connect": {
      "version": "2.12.0",
      "dependencies": {
        "batch": {
          "version": "0.5.0"
        },
        "qs": {
          "version": "0.6.6"
        },
        "cookie-signature": {
          "version": "1.0.1"
        },
        "buffer-crc32": {
          "version": "0.2.1"
        },
        "cookie": {
          "version": "0.1.0"
        },
        "send": {
          "version": "0.1.4",
          "dependencies": {
            "mime": {
              "version": "1.2.11"
            },
            "range-parser": {
              "version": "0.0.4"
            }
          }
        },
        "bytes": {
          "version": "0.2.1"
        },
        "fresh": {
          "version": "0.2.0"
        },
        "pause": {
          "version": "0.0.1"
        },
        "uid2": {
          "version": "0.0.3"
        },
        "debug": {
          "version": "0.7.4"
        },
        "methods": {
          "version": "0.1.0"
        },
        "raw-body": {
          "version": "1.1.2"
        },
        "negotiator": {
          "version": "0.3.0"
        },
        "multiparty": {
          "version": "2.2.0",
          "dependencies": {
            "readable-stream": {
              "version": "1.1.9",
              "dependencies": {
                "core-util-is": {
                  "version": "1.0.0"
                },
                "debuglog": {
                  "version": "0.0.2"
                }
              }
            },
            "stream-counter": {
              "version": "0.2.0"
            }
          }
        }
      }
    }
  }
}
